// !$*UTF8*$!
{
	archiveVersion = 1;
	classes = {
	};
	objectVersion = 46;
	objects = {

/* Begin PBXBuildFile section */
		4C057C291F87DF75002178E5 /* UserTests.swift in Sources */ = {isa = PBXBuildFile; fileRef = 4C057C281F87DF75002178E5 /* UserTests.swift */; };
		4C057C2B1F87EC49002178E5 /* CalculationForMapDisplay.swift in Sources */ = {isa = PBXBuildFile; fileRef = 4C057C2A1F87EC49002178E5 /* CalculationForMapDisplay.swift */; };
		4C0916111F9E250E00E94F83 /* routeSaved.swift in Sources */ = {isa = PBXBuildFile; fileRef = 4C0916101F9E250E00E94F83 /* routeSaved.swift */; };
		4C1788901F815D2E00D9B3BD /* help.html in Resources */ = {isa = PBXBuildFile; fileRef = 4C17888F1F815D2E00D9B3BD /* help.html */; };
		4C2E970B1FA6312100E31E49 /* PageViewController.swift in Sources */ = {isa = PBXBuildFile; fileRef = 4C2E970A1FA6312100E31E49 /* PageViewController.swift */; };
		4C2E970D1FA665ED00E31E49 /* HomePage.swift in Sources */ = {isa = PBXBuildFile; fileRef = 4C2E970C1FA665ED00E31E49 /* HomePage.swift */; };
		4C312A4F1F4EE5B000555D0E /* AppDelegate.swift in Sources */ = {isa = PBXBuildFile; fileRef = 4C312A4E1F4EE5B000555D0E /* AppDelegate.swift */; };
		4C312A591F4EE5B000555D0E /* LaunchScreen.storyboard in Resources */ = {isa = PBXBuildFile; fileRef = 4C312A571F4EE5B000555D0E /* LaunchScreen.storyboard */; };
		4C312A621F4EE6AB00555D0E /* GoogleMapsBase.framework in Frameworks */ = {isa = PBXBuildFile; fileRef = 4C312A611F4EE6AB00555D0E /* GoogleMapsBase.framework */; };
		4C312A651F4EE6C800555D0E /* GoogleMaps.framework in Frameworks */ = {isa = PBXBuildFile; fileRef = 4C312A631F4EE6C800555D0E /* GoogleMaps.framework */; };
		4C312A661F4EE6C800555D0E /* GoogleMapsCore.framework in Frameworks */ = {isa = PBXBuildFile; fileRef = 4C312A641F4EE6C800555D0E /* GoogleMapsCore.framework */; };
		4C312A681F4EE6E200555D0E /* GoogleMaps.bundle in Resources */ = {isa = PBXBuildFile; fileRef = 4C312A671F4EE6E200555D0E /* GoogleMaps.bundle */; };
		4C312A6B1F4EE70F00555D0E /* Accelerate.framework in Frameworks */ = {isa = PBXBuildFile; fileRef = 4C312A6A1F4EE70F00555D0E /* Accelerate.framework */; };
		4C312A701F4EE72000555D0E /* CoreData.framework in Frameworks */ = {isa = PBXBuildFile; fileRef = 4C312A6C1F4EE72000555D0E /* CoreData.framework */; };
		4C312A711F4EE72000555D0E /* CoreGraphics.framework in Frameworks */ = {isa = PBXBuildFile; fileRef = 4C312A6D1F4EE72000555D0E /* CoreGraphics.framework */; };
		4C312A721F4EE72000555D0E /* CoreLocation.framework in Frameworks */ = {isa = PBXBuildFile; fileRef = 4C312A6E1F4EE72000555D0E /* CoreLocation.framework */; };
		4C312A731F4EE72000555D0E /* CoreText.framework in Frameworks */ = {isa = PBXBuildFile; fileRef = 4C312A6F1F4EE72000555D0E /* CoreText.framework */; };
		4C312A751F4EE72F00555D0E /* GLKit.framework in Frameworks */ = {isa = PBXBuildFile; fileRef = 4C312A741F4EE72F00555D0E /* GLKit.framework */; };
		4C312A771F4EE73500555D0E /* ImageIO.framework in Frameworks */ = {isa = PBXBuildFile; fileRef = 4C312A761F4EE73500555D0E /* ImageIO.framework */; };
		4C312A791F4EE73F00555D0E /* libc++.tbd in Frameworks */ = {isa = PBXBuildFile; fileRef = 4C312A781F4EE73F00555D0E /* libc++.tbd */; };
		4C312A7B1F4EE74400555D0E /* libz.tbd in Frameworks */ = {isa = PBXBuildFile; fileRef = 4C312A7A1F4EE74400555D0E /* libz.tbd */; };
		4C312A7D1F4EE74E00555D0E /* OpenGLES.framework in Frameworks */ = {isa = PBXBuildFile; fileRef = 4C312A7C1F4EE74E00555D0E /* OpenGLES.framework */; };
		4C312A7F1F4EE75300555D0E /* QuartzCore.framework in Frameworks */ = {isa = PBXBuildFile; fileRef = 4C312A7E1F4EE75300555D0E /* QuartzCore.framework */; };
		4C312A811F4EE75C00555D0E /* SystemConfiguration.framework in Frameworks */ = {isa = PBXBuildFile; fileRef = 4C312A801F4EE75C00555D0E /* SystemConfiguration.framework */; };
		4C312A831F4EE76200555D0E /* UIKit.framework in Frameworks */ = {isa = PBXBuildFile; fileRef = 4C312A821F4EE76200555D0E /* UIKit.framework */; };
		4C312A851F4EE7E500555D0E /* MapTasks.swift in Sources */ = {isa = PBXBuildFile; fileRef = 4C312A841F4EE7E500555D0E /* MapTasks.swift */; };
		4C312A871F4EE7F000555D0E /* FirstView.swift in Sources */ = {isa = PBXBuildFile; fileRef = 4C312A861F4EE7F000555D0E /* FirstView.swift */; };
		4C312A891F4EE7F800555D0E /* CreateAccount.swift in Sources */ = {isa = PBXBuildFile; fileRef = 4C312A881F4EE7F800555D0E /* CreateAccount.swift */; };
		4C312A8B1F4EE7FD00555D0E /* Login.swift in Sources */ = {isa = PBXBuildFile; fileRef = 4C312A8A1F4EE7FD00555D0E /* Login.swift */; };
		4C312A8D1F4EE82500555D0E /* Main.storyboard in Resources */ = {isa = PBXBuildFile; fileRef = 4C312A8C1F4EE82500555D0E /* Main.storyboard */; };
		4C312A911F4EE93F00555D0E /* Assets.xcassets in Resources */ = {isa = PBXBuildFile; fileRef = 4C312A901F4EE93F00555D0E /* Assets.xcassets */; };
		4C312A951F4F157B00555D0E /* SearchRoute.swift in Sources */ = {isa = PBXBuildFile; fileRef = 4C312A941F4F157B00555D0E /* SearchRoute.swift */; };
		4C312ADA1F4F341500555D0E /* SWRevealViewController.m in Sources */ = {isa = PBXBuildFile; fileRef = 4C312AD91F4F341500555D0E /* SWRevealViewController.m */; };
		4C312ADC1F4F364700555D0E /* Help.swift in Sources */ = {isa = PBXBuildFile; fileRef = 4C312ADB1F4F364700555D0E /* Help.swift */; };
		4C312ADE1F4F3F2B00555D0E /* BoutonArrondi.swift in Sources */ = {isa = PBXBuildFile; fileRef = 4C312ADD1F4F3F2B00555D0E /* BoutonArrondi.swift */; };
		4C312AE71F50404A00555D0E /* SelectedButton.swift in Sources */ = {isa = PBXBuildFile; fileRef = 4C312AE61F50404A00555D0E /* SelectedButton.swift */; };
		4C3EF1711F7E4050001F4F8C /* MyCustomCell.swift in Sources */ = {isa = PBXBuildFile; fileRef = 4C3EF1701F7E4050001F4F8C /* MyCustomCell.swift */; };
		4C3EF1731F7E4513001F4F8C /* UserTasks.swift in Sources */ = {isa = PBXBuildFile; fileRef = 4C3EF1721F7E4513001F4F8C /* UserTasks.swift */; };
		4C3EF1751F7E6DDC001F4F8C /* RouteTasks.swift in Sources */ = {isa = PBXBuildFile; fileRef = 4C3EF1741F7E6DDC001F4F8C /* RouteTasks.swift */; };
		4C3F10721F86507300D10178 /* GALDevTests.swift in Sources */ = {isa = PBXBuildFile; fileRef = 4C3F10711F86507300D10178 /* GALDevTests.swift */; };
		4C3F107A1F8650C000D10178 /* HomeTests.swift in Sources */ = {isa = PBXBuildFile; fileRef = 4C3F10791F8650C000D10178 /* HomeTests.swift */; };
		4C47EAF61F5570A800FD60DC /* RouteList.swift in Sources */ = {isa = PBXBuildFile; fileRef = 4C47EAF51F5570A800FD60DC /* RouteList.swift */; };
		4C47EAF81F55743700FD60DC /* CreateYourRoute.swift in Sources */ = {isa = PBXBuildFile; fileRef = 4C47EAF71F55743700FD60DC /* CreateYourRoute.swift */; };
		4C47EAFA1F56B25300FD60DC /* Menu.swift in Sources */ = {isa = PBXBuildFile; fileRef = 4C47EAF91F56B25300FD60DC /* Menu.swift */; };
		4C47EAFC1F56DA5A00FD60DC /* UserProfile.swift in Sources */ = {isa = PBXBuildFile; fileRef = 4C47EAFB1F56DA5A00FD60DC /* UserProfile.swift */; };
		4C50CD711F6FD27800B7E14E /* DriverView.swift in Sources */ = {isa = PBXBuildFile; fileRef = 4C50CD701F6FD27800B7E14E /* DriverView.swift */; };
		4C56C9D11F7F991F005DFD99 /* DateTasks.swift in Sources */ = {isa = PBXBuildFile; fileRef = 4C56C9D01F7F991F005DFD99 /* DateTasks.swift */; };
		4C76FAC41F838DF800A4FFF6 /* myRoutes.swift in Sources */ = {isa = PBXBuildFile; fileRef = 4C76FAC31F838DF800A4FFF6 /* myRoutes.swift */; };
		4CA18F301F8829370055E327 /* CalculationForMapDisplayTests.swift in Sources */ = {isa = PBXBuildFile; fileRef = 4CA18F2F1F8829370055E327 /* CalculationForMapDisplayTests.swift */; };
		4CAA29251F86944B00813FA9 /* User.swift in Sources */ = {isa = PBXBuildFile; fileRef = 4CAA29241F86944B00813FA9 /* User.swift */; };
		4CAA29271F8695F200813FA9 /* Route.swift in Sources */ = {isa = PBXBuildFile; fileRef = 4CAA29261F8695F200813FA9 /* Route.swift */; };
		4CAA29291F8696E600813FA9 /* DateTime.swift in Sources */ = {isa = PBXBuildFile; fileRef = 4CAA29281F8696E600813FA9 /* DateTime.swift */; };
		4CB63F271F94F4ED008E8881 /* RouteTests.swift in Sources */ = {isa = PBXBuildFile; fileRef = 4CB63F261F94F4ED008E8881 /* RouteTests.swift */; };
		4CBC78921F8B847D00C9930F /* SearchTextField.swift in Sources */ = {isa = PBXBuildFile; fileRef = 4CBC78911F8B847D00C9930F /* SearchTextField.swift */; };
		4CF30A4C1F66A4D5001B3AF3 /* RouteView.swift in Sources */ = {isa = PBXBuildFile; fileRef = 4CF30A4B1F66A4D5001B3AF3 /* RouteView.swift */; };
		C301201B1FA2161600FCCE5E /* SeeCurrentRoute.swift in Sources */ = {isa = PBXBuildFile; fileRef = C301201A1FA2161600FCCE5E /* SeeCurrentRoute.swift */; };
		C306DD5E1FA8D35800DA70A5 /* routeViewForTheMenu.swift in Sources */ = {isa = PBXBuildFile; fileRef = C306DD5D1FA8D35800DA70A5 /* routeViewForTheMenu.swift */; };
		C306DD601FA8DE2800DA70A5 /* GetMoreInformation.swift in Sources */ = {isa = PBXBuildFile; fileRef = C306DD5F1FA8DE2800DA70A5 /* GetMoreInformation.swift */; };
		C306DD621FA8E4E600DA70A5 /* Settings.swift in Sources */ = {isa = PBXBuildFile; fileRef = C306DD611FA8E4E600DA70A5 /* Settings.swift */; };
		C38644A61FA1CB6600EE7BD1 /* FavoriteRouteTasks.swift in Sources */ = {isa = PBXBuildFile; fileRef = C38644A51FA1CB6600EE7BD1 /* FavoriteRouteTasks.swift */; };
		C38644A81FA1FB0700EE7BD1 /* BouttonArrondi2.swift in Sources */ = {isa = PBXBuildFile; fileRef = C38644A71FA1FB0700EE7BD1 /* BouttonArrondi2.swift */; };
		E25BADAD8D0C8259BF27C13A /* Pods_GALDev.framework in Frameworks */ = {isa = PBXBuildFile; fileRef = 9CD298EB30D0053A94F0D44A /* Pods_GALDev.framework */; };
/* End PBXBuildFile section */

/* Begin PBXContainerItemProxy section */
		4C3F10741F86507300D10178 /* PBXContainerItemProxy */ = {
			isa = PBXContainerItemProxy;
			containerPortal = 4C312A431F4EE5B000555D0E /* Project object */;
			proxyType = 1;
			remoteGlobalIDString = 4C312A4A1F4EE5B000555D0E;
			remoteInfo = GALDev;
		};
/* End PBXContainerItemProxy section */

/* Begin PBXFileReference section */
		1E5F2C1C8684E8B12309EE97 /* Pods-GALDev.release.xcconfig */ = {isa = PBXFileReference; includeInIndex = 1; lastKnownFileType = text.xcconfig; name = "Pods-GALDev.release.xcconfig"; path = "Pods/Target Support Files/Pods-GALDev/Pods-GALDev.release.xcconfig"; sourceTree = "<group>"; };
		4C057C281F87DF75002178E5 /* UserTests.swift */ = {isa = PBXFileReference; lastKnownFileType = sourcecode.swift; path = UserTests.swift; sourceTree = "<group>"; };
		4C057C2A1F87EC49002178E5 /* CalculationForMapDisplay.swift */ = {isa = PBXFileReference; lastKnownFileType = sourcecode.swift; path = CalculationForMapDisplay.swift; sourceTree = "<group>"; };
		4C0916101F9E250E00E94F83 /* routeSaved.swift */ = {isa = PBXFileReference; lastKnownFileType = sourcecode.swift; path = routeSaved.swift; sourceTree = "<group>"; };
		4C17888F1F815D2E00D9B3BD /* help.html */ = {isa = PBXFileReference; fileEncoding = 4; lastKnownFileType = text.html; path = help.html; sourceTree = "<group>"; };
		4C2E970A1FA6312100E31E49 /* PageViewController.swift */ = {isa = PBXFileReference; lastKnownFileType = sourcecode.swift; path = PageViewController.swift; sourceTree = "<group>"; };
		4C2E970C1FA665ED00E31E49 /* HomePage.swift */ = {isa = PBXFileReference; lastKnownFileType = sourcecode.swift; path = HomePage.swift; sourceTree = "<group>"; };
		4C312A4B1F4EE5B000555D0E /* GALDev.app */ = {isa = PBXFileReference; explicitFileType = wrapper.application; includeInIndex = 0; path = GALDev.app; sourceTree = BUILT_PRODUCTS_DIR; };
		4C312A4E1F4EE5B000555D0E /* AppDelegate.swift */ = {isa = PBXFileReference; lastKnownFileType = sourcecode.swift; path = AppDelegate.swift; sourceTree = "<group>"; };
		4C312A581F4EE5B000555D0E /* Base */ = {isa = PBXFileReference; lastKnownFileType = file.storyboard; name = Base; path = Base.lproj/LaunchScreen.storyboard; sourceTree = "<group>"; };
		4C312A611F4EE6AB00555D0E /* GoogleMapsBase.framework */ = {isa = PBXFileReference; lastKnownFileType = wrapper.framework; path = GoogleMapsBase.framework; sourceTree = "<group>"; };
		4C312A631F4EE6C800555D0E /* GoogleMaps.framework */ = {isa = PBXFileReference; lastKnownFileType = wrapper.framework; path = GoogleMaps.framework; sourceTree = "<group>"; };
		4C312A641F4EE6C800555D0E /* GoogleMapsCore.framework */ = {isa = PBXFileReference; lastKnownFileType = wrapper.framework; path = GoogleMapsCore.framework; sourceTree = "<group>"; };
		4C312A671F4EE6E200555D0E /* GoogleMaps.bundle */ = {isa = PBXFileReference; lastKnownFileType = "wrapper.plug-in"; name = GoogleMaps.bundle; path = GoogleMaps.framework/Versions/A/Resources/GoogleMaps.bundle; sourceTree = "<group>"; };
		4C312A6A1F4EE70F00555D0E /* Accelerate.framework */ = {isa = PBXFileReference; lastKnownFileType = wrapper.framework; name = Accelerate.framework; path = System/Library/Frameworks/Accelerate.framework; sourceTree = SDKROOT; };
		4C312A6C1F4EE72000555D0E /* CoreData.framework */ = {isa = PBXFileReference; lastKnownFileType = wrapper.framework; name = CoreData.framework; path = System/Library/Frameworks/CoreData.framework; sourceTree = SDKROOT; };
		4C312A6D1F4EE72000555D0E /* CoreGraphics.framework */ = {isa = PBXFileReference; lastKnownFileType = wrapper.framework; name = CoreGraphics.framework; path = System/Library/Frameworks/CoreGraphics.framework; sourceTree = SDKROOT; };
		4C312A6E1F4EE72000555D0E /* CoreLocation.framework */ = {isa = PBXFileReference; lastKnownFileType = wrapper.framework; name = CoreLocation.framework; path = System/Library/Frameworks/CoreLocation.framework; sourceTree = SDKROOT; };
		4C312A6F1F4EE72000555D0E /* CoreText.framework */ = {isa = PBXFileReference; lastKnownFileType = wrapper.framework; name = CoreText.framework; path = System/Library/Frameworks/CoreText.framework; sourceTree = SDKROOT; };
		4C312A741F4EE72F00555D0E /* GLKit.framework */ = {isa = PBXFileReference; lastKnownFileType = wrapper.framework; name = GLKit.framework; path = System/Library/Frameworks/GLKit.framework; sourceTree = SDKROOT; };
		4C312A761F4EE73500555D0E /* ImageIO.framework */ = {isa = PBXFileReference; lastKnownFileType = wrapper.framework; name = ImageIO.framework; path = System/Library/Frameworks/ImageIO.framework; sourceTree = SDKROOT; };
		4C312A781F4EE73F00555D0E /* libc++.tbd */ = {isa = PBXFileReference; lastKnownFileType = "sourcecode.text-based-dylib-definition"; name = "libc++.tbd"; path = "usr/lib/libc++.tbd"; sourceTree = SDKROOT; };
		4C312A7A1F4EE74400555D0E /* libz.tbd */ = {isa = PBXFileReference; lastKnownFileType = "sourcecode.text-based-dylib-definition"; name = libz.tbd; path = usr/lib/libz.tbd; sourceTree = SDKROOT; };
		4C312A7C1F4EE74E00555D0E /* OpenGLES.framework */ = {isa = PBXFileReference; lastKnownFileType = wrapper.framework; name = OpenGLES.framework; path = System/Library/Frameworks/OpenGLES.framework; sourceTree = SDKROOT; };
		4C312A7E1F4EE75300555D0E /* QuartzCore.framework */ = {isa = PBXFileReference; lastKnownFileType = wrapper.framework; name = QuartzCore.framework; path = System/Library/Frameworks/QuartzCore.framework; sourceTree = SDKROOT; };
		4C312A801F4EE75C00555D0E /* SystemConfiguration.framework */ = {isa = PBXFileReference; lastKnownFileType = wrapper.framework; name = SystemConfiguration.framework; path = System/Library/Frameworks/SystemConfiguration.framework; sourceTree = SDKROOT; };
		4C312A821F4EE76200555D0E /* UIKit.framework */ = {isa = PBXFileReference; lastKnownFileType = wrapper.framework; name = UIKit.framework; path = System/Library/Frameworks/UIKit.framework; sourceTree = SDKROOT; };
		4C312A841F4EE7E500555D0E /* MapTasks.swift */ = {isa = PBXFileReference; fileEncoding = 4; lastKnownFileType = sourcecode.swift; path = MapTasks.swift; sourceTree = "<group>"; };
		4C312A861F4EE7F000555D0E /* FirstView.swift */ = {isa = PBXFileReference; fileEncoding = 4; lastKnownFileType = sourcecode.swift; path = FirstView.swift; sourceTree = "<group>"; };
		4C312A881F4EE7F800555D0E /* CreateAccount.swift */ = {isa = PBXFileReference; fileEncoding = 4; lastKnownFileType = sourcecode.swift; path = CreateAccount.swift; sourceTree = "<group>"; };
		4C312A8A1F4EE7FD00555D0E /* Login.swift */ = {isa = PBXFileReference; fileEncoding = 4; lastKnownFileType = sourcecode.swift; path = Login.swift; sourceTree = "<group>"; };
		4C312A8C1F4EE82500555D0E /* Main.storyboard */ = {isa = PBXFileReference; fileEncoding = 4; lastKnownFileType = file.storyboard; path = Main.storyboard; sourceTree = "<group>"; };
		4C312A8E1F4EE88900555D0E /* Info.plist */ = {isa = PBXFileReference; fileEncoding = 4; lastKnownFileType = text.plist.xml; path = Info.plist; sourceTree = "<group>"; };
		4C312A901F4EE93F00555D0E /* Assets.xcassets */ = {isa = PBXFileReference; lastKnownFileType = folder.assetcatalog; path = Assets.xcassets; sourceTree = "<group>"; };
		4C312A941F4F157B00555D0E /* SearchRoute.swift */ = {isa = PBXFileReference; fileEncoding = 4; lastKnownFileType = sourcecode.swift; path = SearchRoute.swift; sourceTree = "<group>"; };
		4C312AD71F4F341400555D0E /* GALDev-Bridging-Header.h */ = {isa = PBXFileReference; lastKnownFileType = sourcecode.c.h; path = "GALDev-Bridging-Header.h"; sourceTree = "<group>"; };
		4C312AD81F4F341500555D0E /* SWRevealViewController.h */ = {isa = PBXFileReference; fileEncoding = 4; lastKnownFileType = sourcecode.c.h; path = SWRevealViewController.h; sourceTree = "<group>"; };
		4C312AD91F4F341500555D0E /* SWRevealViewController.m */ = {isa = PBXFileReference; fileEncoding = 4; lastKnownFileType = sourcecode.c.objc; path = SWRevealViewController.m; sourceTree = "<group>"; };
		4C312ADB1F4F364700555D0E /* Help.swift */ = {isa = PBXFileReference; fileEncoding = 4; lastKnownFileType = sourcecode.swift; path = Help.swift; sourceTree = "<group>"; };
		4C312ADD1F4F3F2B00555D0E /* BoutonArrondi.swift */ = {isa = PBXFileReference; fileEncoding = 4; lastKnownFileType = sourcecode.swift; path = BoutonArrondi.swift; sourceTree = "<group>"; };
		4C312AE61F50404A00555D0E /* SelectedButton.swift */ = {isa = PBXFileReference; fileEncoding = 4; lastKnownFileType = sourcecode.swift; path = SelectedButton.swift; sourceTree = "<group>"; };
		4C3EF1701F7E4050001F4F8C /* MyCustomCell.swift */ = {isa = PBXFileReference; fileEncoding = 4; lastKnownFileType = sourcecode.swift; path = MyCustomCell.swift; sourceTree = "<group>"; };
		4C3EF1721F7E4513001F4F8C /* UserTasks.swift */ = {isa = PBXFileReference; fileEncoding = 4; lastKnownFileType = sourcecode.swift; path = UserTasks.swift; sourceTree = "<group>"; };
		4C3EF1741F7E6DDC001F4F8C /* RouteTasks.swift */ = {isa = PBXFileReference; fileEncoding = 4; lastKnownFileType = sourcecode.swift; path = RouteTasks.swift; sourceTree = "<group>"; };
		4C3F106F1F86507300D10178 /* GALDevTests.xctest */ = {isa = PBXFileReference; explicitFileType = wrapper.cfbundle; includeInIndex = 0; path = GALDevTests.xctest; sourceTree = BUILT_PRODUCTS_DIR; };
		4C3F10711F86507300D10178 /* GALDevTests.swift */ = {isa = PBXFileReference; lastKnownFileType = sourcecode.swift; path = GALDevTests.swift; sourceTree = "<group>"; };
		4C3F10731F86507300D10178 /* Info.plist */ = {isa = PBXFileReference; lastKnownFileType = text.plist.xml; path = Info.plist; sourceTree = "<group>"; };
		4C3F10791F8650C000D10178 /* HomeTests.swift */ = {isa = PBXFileReference; lastKnownFileType = sourcecode.swift; path = HomeTests.swift; sourceTree = "<group>"; };
		4C47EAF51F5570A800FD60DC /* RouteList.swift */ = {isa = PBXFileReference; fileEncoding = 4; lastKnownFileType = sourcecode.swift; path = RouteList.swift; sourceTree = "<group>"; };
		4C47EAF71F55743700FD60DC /* CreateYourRoute.swift */ = {isa = PBXFileReference; fileEncoding = 4; lastKnownFileType = sourcecode.swift; path = CreateYourRoute.swift; sourceTree = "<group>"; };
		4C47EAF91F56B25300FD60DC /* Menu.swift */ = {isa = PBXFileReference; fileEncoding = 4; lastKnownFileType = sourcecode.swift; path = Menu.swift; sourceTree = "<group>"; };
		4C47EAFB1F56DA5A00FD60DC /* UserProfile.swift */ = {isa = PBXFileReference; fileEncoding = 4; lastKnownFileType = sourcecode.swift; path = UserProfile.swift; sourceTree = "<group>"; };
		4C50CD701F6FD27800B7E14E /* DriverView.swift */ = {isa = PBXFileReference; fileEncoding = 4; lastKnownFileType = sourcecode.swift; path = DriverView.swift; sourceTree = "<group>"; };
		4C56C9D01F7F991F005DFD99 /* DateTasks.swift */ = {isa = PBXFileReference; fileEncoding = 4; lastKnownFileType = sourcecode.swift; path = DateTasks.swift; sourceTree = "<group>"; };
		4C76FAC31F838DF800A4FFF6 /* myRoutes.swift */ = {isa = PBXFileReference; fileEncoding = 4; lastKnownFileType = sourcecode.swift; path = myRoutes.swift; sourceTree = "<group>"; };
		4CA18F2F1F8829370055E327 /* CalculationForMapDisplayTests.swift */ = {isa = PBXFileReference; lastKnownFileType = sourcecode.swift; path = CalculationForMapDisplayTests.swift; sourceTree = "<group>"; };
		4CAA29241F86944B00813FA9 /* User.swift */ = {isa = PBXFileReference; lastKnownFileType = sourcecode.swift; path = User.swift; sourceTree = "<group>"; };
		4CAA29261F8695F200813FA9 /* Route.swift */ = {isa = PBXFileReference; lastKnownFileType = sourcecode.swift; path = Route.swift; sourceTree = "<group>"; };
		4CAA29281F8696E600813FA9 /* DateTime.swift */ = {isa = PBXFileReference; lastKnownFileType = sourcecode.swift; path = DateTime.swift; sourceTree = "<group>"; };
		4CB63F261F94F4ED008E8881 /* RouteTests.swift */ = {isa = PBXFileReference; lastKnownFileType = sourcecode.swift; path = RouteTests.swift; sourceTree = "<group>"; };
		4CBC78911F8B847D00C9930F /* SearchTextField.swift */ = {isa = PBXFileReference; lastKnownFileType = sourcecode.swift; path = SearchTextField.swift; sourceTree = "<group>"; };
		4CF30A4B1F66A4D5001B3AF3 /* RouteView.swift */ = {isa = PBXFileReference; fileEncoding = 4; lastKnownFileType = sourcecode.swift; path = RouteView.swift; sourceTree = "<group>"; };
		9CD298EB30D0053A94F0D44A /* Pods_GALDev.framework */ = {isa = PBXFileReference; explicitFileType = wrapper.framework; includeInIndex = 0; path = Pods_GALDev.framework; sourceTree = BUILT_PRODUCTS_DIR; };
		B4F0FD8CD784B4278919A266 /* Pods-GALDev.debug.xcconfig */ = {isa = PBXFileReference; includeInIndex = 1; lastKnownFileType = text.xcconfig; name = "Pods-GALDev.debug.xcconfig"; path = "Pods/Target Support Files/Pods-GALDev/Pods-GALDev.debug.xcconfig"; sourceTree = "<group>"; };
		C301201A1FA2161600FCCE5E /* SeeCurrentRoute.swift */ = {isa = PBXFileReference; lastKnownFileType = sourcecode.swift; path = SeeCurrentRoute.swift; sourceTree = "<group>"; };
		C306DD5D1FA8D35800DA70A5 /* routeViewForTheMenu.swift */ = {isa = PBXFileReference; lastKnownFileType = sourcecode.swift; path = routeViewForTheMenu.swift; sourceTree = "<group>"; };
		C306DD5F1FA8DE2800DA70A5 /* GetMoreInformation.swift */ = {isa = PBXFileReference; lastKnownFileType = sourcecode.swift; path = GetMoreInformation.swift; sourceTree = "<group>"; };
		C306DD611FA8E4E600DA70A5 /* Settings.swift */ = {isa = PBXFileReference; lastKnownFileType = sourcecode.swift; path = Settings.swift; sourceTree = "<group>"; };
		C38644A51FA1CB6600EE7BD1 /* FavoriteRouteTasks.swift */ = {isa = PBXFileReference; lastKnownFileType = sourcecode.swift; path = FavoriteRouteTasks.swift; sourceTree = "<group>"; };
		C38644A71FA1FB0700EE7BD1 /* BouttonArrondi2.swift */ = {isa = PBXFileReference; lastKnownFileType = sourcecode.swift; path = BouttonArrondi2.swift; sourceTree = "<group>"; };
/* End PBXFileReference section */

/* Begin PBXFrameworksBuildPhase section */
		4C312A481F4EE5B000555D0E /* Frameworks */ = {
			isa = PBXFrameworksBuildPhase;
			buildActionMask = 2147483647;
			files = (
				4C312A831F4EE76200555D0E /* UIKit.framework in Frameworks */,
				4C312A811F4EE75C00555D0E /* SystemConfiguration.framework in Frameworks */,
				4C312A7F1F4EE75300555D0E /* QuartzCore.framework in Frameworks */,
				4C312A7D1F4EE74E00555D0E /* OpenGLES.framework in Frameworks */,
				4C312A7B1F4EE74400555D0E /* libz.tbd in Frameworks */,
				4C312A791F4EE73F00555D0E /* libc++.tbd in Frameworks */,
				4C312A771F4EE73500555D0E /* ImageIO.framework in Frameworks */,
				4C312A751F4EE72F00555D0E /* GLKit.framework in Frameworks */,
				4C312A701F4EE72000555D0E /* CoreData.framework in Frameworks */,
				4C312A711F4EE72000555D0E /* CoreGraphics.framework in Frameworks */,
				4C312A721F4EE72000555D0E /* CoreLocation.framework in Frameworks */,
				4C312A731F4EE72000555D0E /* CoreText.framework in Frameworks */,
				4C312A6B1F4EE70F00555D0E /* Accelerate.framework in Frameworks */,
				4C312A651F4EE6C800555D0E /* GoogleMaps.framework in Frameworks */,
				4C312A661F4EE6C800555D0E /* GoogleMapsCore.framework in Frameworks */,
				4C312A621F4EE6AB00555D0E /* GoogleMapsBase.framework in Frameworks */,
				E25BADAD8D0C8259BF27C13A /* Pods_GALDev.framework in Frameworks */,
			);
			runOnlyForDeploymentPostprocessing = 0;
		};
		4C3F106C1F86507300D10178 /* Frameworks */ = {
			isa = PBXFrameworksBuildPhase;
			buildActionMask = 2147483647;
			files = (
			);
			runOnlyForDeploymentPostprocessing = 0;
		};
/* End PBXFrameworksBuildPhase section */

/* Begin PBXGroup section */
		4C057C2C1F87EC5A002178E5 /* Others */ = {
			isa = PBXGroup;
			children = (
				4CBC78911F8B847D00C9930F /* SearchTextField.swift */,
				4C057C2A1F87EC49002178E5 /* CalculationForMapDisplay.swift */,
			);
			name = Others;
			sourceTree = "<group>";
		};
		4C312A421F4EE5B000555D0E = {
			isa = PBXGroup;
			children = (
				4C312A4D1F4EE5B000555D0E /* GALDev */,
				4C3F10701F86507300D10178 /* GALDevTests */,
				4C312A601F4EE69200555D0E /* Framework */,
				4C312A4C1F4EE5B000555D0E /* Products */,
				4C312A691F4EE70E00555D0E /* Frameworks */,
				CDE3AF6853D5D0F432910420 /* Pods */,
			);
			sourceTree = "<group>";
		};
		4C312A4C1F4EE5B000555D0E /* Products */ = {
			isa = PBXGroup;
			children = (
				4C312A4B1F4EE5B000555D0E /* GALDev.app */,
				4C3F106F1F86507300D10178 /* GALDevTests.xctest */,
			);
			name = Products;
			sourceTree = "<group>";
		};
		4C312A4D1F4EE5B000555D0E /* GALDev */ = {
			isa = PBXGroup;
			children = (
				4C312A4E1F4EE5B000555D0E /* AppDelegate.swift */,
				4C312ADF1F4F577B00555D0E /* Controllers */,
				4CAA29211F86723300813FA9 /* Models */,
				4C3F10621F86492500D10178 /* Tasks */,
				4C057C2C1F87EC5A002178E5 /* Others */,
				4C3F10631F86496B00D10178 /* CustomItem */,
				4C312A8C1F4EE82500555D0E /* Main.storyboard */,
				4C312A901F4EE93F00555D0E /* Assets.xcassets */,
				4C312A8E1F4EE88900555D0E /* Info.plist */,
				4C312A571F4EE5B000555D0E /* LaunchScreen.storyboard */,
				4C17888F1F815D2E00D9B3BD /* help.html */,
				4C312AD61F4F33F400555D0E /* SWRevealViewController */,
			);
			path = GALDev;
			sourceTree = "<group>";
		};
		4C312A601F4EE69200555D0E /* Framework */ = {
			isa = PBXGroup;
			children = (
				4C312A671F4EE6E200555D0E /* GoogleMaps.bundle */,
				4C312A631F4EE6C800555D0E /* GoogleMaps.framework */,
				4C312A641F4EE6C800555D0E /* GoogleMapsCore.framework */,
				4C312A611F4EE6AB00555D0E /* GoogleMapsBase.framework */,
			);
			name = Framework;
			sourceTree = "<group>";
		};
		4C312A691F4EE70E00555D0E /* Frameworks */ = {
			isa = PBXGroup;
			children = (
				4C312A821F4EE76200555D0E /* UIKit.framework */,
				4C312A801F4EE75C00555D0E /* SystemConfiguration.framework */,
				4C312A7E1F4EE75300555D0E /* QuartzCore.framework */,
				4C312A7C1F4EE74E00555D0E /* OpenGLES.framework */,
				4C312A7A1F4EE74400555D0E /* libz.tbd */,
				4C312A781F4EE73F00555D0E /* libc++.tbd */,
				4C312A761F4EE73500555D0E /* ImageIO.framework */,
				4C312A741F4EE72F00555D0E /* GLKit.framework */,
				4C312A6C1F4EE72000555D0E /* CoreData.framework */,
				4C312A6D1F4EE72000555D0E /* CoreGraphics.framework */,
				4C312A6E1F4EE72000555D0E /* CoreLocation.framework */,
				4C312A6F1F4EE72000555D0E /* CoreText.framework */,
				4C312A6A1F4EE70F00555D0E /* Accelerate.framework */,
				9CD298EB30D0053A94F0D44A /* Pods_GALDev.framework */,
			);
			name = Frameworks;
			sourceTree = "<group>";
		};
		4C312AD61F4F33F400555D0E /* SWRevealViewController */ = {
			isa = PBXGroup;
			children = (
				4C312AD81F4F341500555D0E /* SWRevealViewController.h */,
				4C312AD91F4F341500555D0E /* SWRevealViewController.m */,
				4C312AD71F4F341400555D0E /* GALDev-Bridging-Header.h */,
			);
			name = SWRevealViewController;
			sourceTree = "<group>";
		};
		4C312ADF1F4F577B00555D0E /* Controllers */ = {
			isa = PBXGroup;
			children = (
				4C2E970C1FA665ED00E31E49 /* HomePage.swift */,
				4C312A8A1F4EE7FD00555D0E /* Login.swift */,
				4C312A861F4EE7F000555D0E /* FirstView.swift */,
				4C312A881F4EE7F800555D0E /* CreateAccount.swift */,
				4C312A941F4F157B00555D0E /* SearchRoute.swift */,
				4C312ADB1F4F364700555D0E /* Help.swift */,
				4C47EAF51F5570A800FD60DC /* RouteList.swift */,
				4CF30A4B1F66A4D5001B3AF3 /* RouteView.swift */,
				4C50CD701F6FD27800B7E14E /* DriverView.swift */,
				4C47EAF71F55743700FD60DC /* CreateYourRoute.swift */,
				4C47EAF91F56B25300FD60DC /* Menu.swift */,
				4C47EAFB1F56DA5A00FD60DC /* UserProfile.swift */,
				4C76FAC31F838DF800A4FFF6 /* myRoutes.swift */,
				4C0916101F9E250E00E94F83 /* routeSaved.swift */,
				C301201A1FA2161600FCCE5E /* SeeCurrentRoute.swift */,
				C306DD5D1FA8D35800DA70A5 /* routeViewForTheMenu.swift */,
				4C2E970A1FA6312100E31E49 /* PageViewController.swift */,
				C306DD5F1FA8DE2800DA70A5 /* GetMoreInformation.swift */,
				C306DD611FA8E4E600DA70A5 /* Settings.swift */,
			);
			name = Controllers;
			sourceTree = "<group>";
		};
		4C3F10621F86492500D10178 /* Tasks */ = {
			isa = PBXGroup;
			children = (
				4C312A841F4EE7E500555D0E /* MapTasks.swift */,
				4C3EF1721F7E4513001F4F8C /* UserTasks.swift */,
				4C3EF1741F7E6DDC001F4F8C /* RouteTasks.swift */,
				4C56C9D01F7F991F005DFD99 /* DateTasks.swift */,
				C38644A51FA1CB6600EE7BD1 /* FavoriteRouteTasks.swift */,
			);
			name = Tasks;
			sourceTree = "<group>";
		};
		4C3F10631F86496B00D10178 /* CustomItem */ = {
			isa = PBXGroup;
			children = (
				4C3EF1701F7E4050001F4F8C /* MyCustomCell.swift */,
				4C312ADD1F4F3F2B00555D0E /* BoutonArrondi.swift */,
				4C312AE61F50404A00555D0E /* SelectedButton.swift */,
				C38644A71FA1FB0700EE7BD1 /* BouttonArrondi2.swift */,
			);
			name = CustomItem;
			sourceTree = "<group>";
		};
		4C3F10701F86507300D10178 /* GALDevTests */ = {
			isa = PBXGroup;
			children = (
				4C3F10711F86507300D10178 /* GALDevTests.swift */,
				4C3F10791F8650C000D10178 /* HomeTests.swift */,
				4C057C281F87DF75002178E5 /* UserTests.swift */,
				4CB63F261F94F4ED008E8881 /* RouteTests.swift */,
				4CA18F2F1F8829370055E327 /* CalculationForMapDisplayTests.swift */,
				4C3F10731F86507300D10178 /* Info.plist */,
			);
			path = GALDevTests;
			sourceTree = "<group>";
		};
		4CAA29211F86723300813FA9 /* Models */ = {
			isa = PBXGroup;
			children = (
				4CAA29241F86944B00813FA9 /* User.swift */,
				4CAA29261F8695F200813FA9 /* Route.swift */,
				4CAA29281F8696E600813FA9 /* DateTime.swift */,
			);
			name = Models;
			sourceTree = "<group>";
		};
		CDE3AF6853D5D0F432910420 /* Pods */ = {
			isa = PBXGroup;
			children = (
				B4F0FD8CD784B4278919A266 /* Pods-GALDev.debug.xcconfig */,
				1E5F2C1C8684E8B12309EE97 /* Pods-GALDev.release.xcconfig */,
			);
			name = Pods;
			sourceTree = "<group>";
		};
/* End PBXGroup section */

/* Begin PBXNativeTarget section */
		4C312A4A1F4EE5B000555D0E /* GALDev */ = {
			isa = PBXNativeTarget;
			buildConfigurationList = 4C312A5D1F4EE5B000555D0E /* Build configuration list for PBXNativeTarget "GALDev" */;
			buildPhases = (
				F47B84278357C761ECBEC847 /* [CP] Check Pods Manifest.lock */,
				4C312A471F4EE5B000555D0E /* Sources */,
				4C312A481F4EE5B000555D0E /* Frameworks */,
				4C312A491F4EE5B000555D0E /* Resources */,
				2195535EC3A2588C0A5ED4EB /* [CP] Embed Pods Frameworks */,
				533A9837D6003B1F15ECA7A0 /* [CP] Copy Pods Resources */,
			);
			buildRules = (
			);
			dependencies = (
			);
			name = GALDev;
			productName = GALDev;
			productReference = 4C312A4B1F4EE5B000555D0E /* GALDev.app */;
			productType = "com.apple.product-type.application";
		};
		4C3F106E1F86507300D10178 /* GALDevTests */ = {
			isa = PBXNativeTarget;
			buildConfigurationList = 4C3F10761F86507300D10178 /* Build configuration list for PBXNativeTarget "GALDevTests" */;
			buildPhases = (
				4C3F106B1F86507300D10178 /* Sources */,
				4C3F106C1F86507300D10178 /* Frameworks */,
				4C3F106D1F86507300D10178 /* Resources */,
			);
			buildRules = (
			);
			dependencies = (
				4C3F10751F86507300D10178 /* PBXTargetDependency */,
			);
			name = GALDevTests;
			productName = GALDevTests;
			productReference = 4C3F106F1F86507300D10178 /* GALDevTests.xctest */;
			productType = "com.apple.product-type.bundle.unit-test";
		};
/* End PBXNativeTarget section */

/* Begin PBXProject section */
		4C312A431F4EE5B000555D0E /* Project object */ = {
			isa = PBXProject;
			attributes = {
				LastSwiftUpdateCheck = 0900;
				LastUpgradeCheck = 0900;
				ORGANIZATIONNAME = "Loan Aubergeon";
				TargetAttributes = {
					4C312A4A1F4EE5B000555D0E = {
						CreatedOnToolsVersion = 8.3.3;
						DevelopmentTeam = 8G4FF9766W;
						LastSwiftMigration = 0900;
						ProvisioningStyle = Automatic;
					};
					4C3F106E1F86507300D10178 = {
						CreatedOnToolsVersion = 9.0;
						DevelopmentTeam = 8G4FF9766W;
						ProvisioningStyle = Automatic;
						TestTargetID = 4C312A4A1F4EE5B000555D0E;
					};
				};
			};
			buildConfigurationList = 4C312A461F4EE5B000555D0E /* Build configuration list for PBXProject "GALDev" */;
			compatibilityVersion = "Xcode 3.2";
			developmentRegion = English;
			hasScannedForEncodings = 0;
			knownRegions = (
				en,
				Base,
			);
			mainGroup = 4C312A421F4EE5B000555D0E;
			productRefGroup = 4C312A4C1F4EE5B000555D0E /* Products */;
			projectDirPath = "";
			projectRoot = "";
			targets = (
				4C312A4A1F4EE5B000555D0E /* GALDev */,
				4C3F106E1F86507300D10178 /* GALDevTests */,
			);
		};
/* End PBXProject section */

/* Begin PBXResourcesBuildPhase section */
		4C312A491F4EE5B000555D0E /* Resources */ = {
			isa = PBXResourcesBuildPhase;
			buildActionMask = 2147483647;
			files = (
				4C312A591F4EE5B000555D0E /* LaunchScreen.storyboard in Resources */,
				4C1788901F815D2E00D9B3BD /* help.html in Resources */,
				4C312A8D1F4EE82500555D0E /* Main.storyboard in Resources */,
				4C312A681F4EE6E200555D0E /* GoogleMaps.bundle in Resources */,
				4C312A911F4EE93F00555D0E /* Assets.xcassets in Resources */,
			);
			runOnlyForDeploymentPostprocessing = 0;
		};
		4C3F106D1F86507300D10178 /* Resources */ = {
			isa = PBXResourcesBuildPhase;
			buildActionMask = 2147483647;
			files = (
			);
			runOnlyForDeploymentPostprocessing = 0;
		};
/* End PBXResourcesBuildPhase section */

/* Begin PBXShellScriptBuildPhase section */
		2195535EC3A2588C0A5ED4EB /* [CP] Embed Pods Frameworks */ = {
			isa = PBXShellScriptBuildPhase;
			buildActionMask = 2147483647;
			files = (
			);
			inputPaths = (
				"${SRCROOT}/Pods/Target Support Files/Pods-GALDev/Pods-GALDev-frameworks.sh",
				"${BUILT_PRODUCTS_DIR}/MarqueeLabel/MarqueeLabel.framework",
				"${BUILT_PRODUCTS_DIR}/NotificationBannerSwift/NotificationBannerSwift.framework",
				"${BUILT_PRODUCTS_DIR}/SnapKit/SnapKit.framework",
			);
			name = "[CP] Embed Pods Frameworks";
			outputPaths = (
				"${TARGET_BUILD_DIR}/${FRAMEWORKS_FOLDER_PATH}/MarqueeLabel.framework",
				"${TARGET_BUILD_DIR}/${FRAMEWORKS_FOLDER_PATH}/NotificationBannerSwift.framework",
				"${TARGET_BUILD_DIR}/${FRAMEWORKS_FOLDER_PATH}/SnapKit.framework",
			);
			runOnlyForDeploymentPostprocessing = 0;
			shellPath = /bin/sh;
			shellScript = "\"${SRCROOT}/Pods/Target Support Files/Pods-GALDev/Pods-GALDev-frameworks.sh\"\n";
			showEnvVarsInLog = 0;
		};
		533A9837D6003B1F15ECA7A0 /* [CP] Copy Pods Resources */ = {
			isa = PBXShellScriptBuildPhase;
			buildActionMask = 2147483647;
			files = (
			);
			inputPaths = (
				"${SRCROOT}/Pods/Target Support Files/Pods-GALDev/Pods-GALDev-resources.sh",
				"${PODS_ROOT}/GoogleMaps/Maps/Frameworks/GoogleMaps.framework/Resources/GoogleMaps.bundle",
			);
			name = "[CP] Copy Pods Resources";
			outputPaths = (
				"${TARGET_BUILD_DIR}/${UNLOCALIZED_RESOURCES_FOLDER_PATH}",
			);
			runOnlyForDeploymentPostprocessing = 0;
			shellPath = /bin/sh;
			shellScript = "\"${SRCROOT}/Pods/Target Support Files/Pods-GALDev/Pods-GALDev-resources.sh\"\n";
			showEnvVarsInLog = 0;
		};
		F47B84278357C761ECBEC847 /* [CP] Check Pods Manifest.lock */ = {
			isa = PBXShellScriptBuildPhase;
			buildActionMask = 2147483647;
			files = (
			);
			inputPaths = (
				"${PODS_PODFILE_DIR_PATH}/Podfile.lock",
				"${PODS_ROOT}/Manifest.lock",
			);
			name = "[CP] Check Pods Manifest.lock";
			outputPaths = (
				"$(DERIVED_FILE_DIR)/Pods-GALDev-checkManifestLockResult.txt",
			);
			runOnlyForDeploymentPostprocessing = 0;
			shellPath = /bin/sh;
			shellScript = "diff \"${PODS_PODFILE_DIR_PATH}/Podfile.lock\" \"${PODS_ROOT}/Manifest.lock\" > /dev/null\nif [ $? != 0 ] ; then\n    # print error to STDERR\n    echo \"error: The sandbox is not in sync with the Podfile.lock. Run 'pod install' or update your CocoaPods installation.\" >&2\n    exit 1\nfi\n# This output is used by Xcode 'outputs' to avoid re-running this script phase.\necho \"SUCCESS\" > \"${SCRIPT_OUTPUT_FILE_0}\"\n";
			showEnvVarsInLog = 0;
		};
/* End PBXShellScriptBuildPhase section */

/* Begin PBXSourcesBuildPhase section */
		4C312A471F4EE5B000555D0E /* Sources */ = {
			isa = PBXSourcesBuildPhase;
			buildActionMask = 2147483647;
			files = (
				C306DD601FA8DE2800DA70A5 /* GetMoreInformation.swift in Sources */,
				4C3EF1751F7E6DDC001F4F8C /* RouteTasks.swift in Sources */,
				4C2E970D1FA665ED00E31E49 /* HomePage.swift in Sources */,
				4C0916111F9E250E00E94F83 /* routeSaved.swift in Sources */,
				4C312ADC1F4F364700555D0E /* Help.swift in Sources */,
				4C312A851F4EE7E500555D0E /* MapTasks.swift in Sources */,
				C306DD621FA8E4E600DA70A5 /* Settings.swift in Sources */,
				4C312A951F4F157B00555D0E /* SearchRoute.swift in Sources */,
				4CF30A4C1F66A4D5001B3AF3 /* RouteView.swift in Sources */,
				C306DD5E1FA8D35800DA70A5 /* routeViewForTheMenu.swift in Sources */,
				4C56C9D11F7F991F005DFD99 /* DateTasks.swift in Sources */,
				4CAA29291F8696E600813FA9 /* DateTime.swift in Sources */,
				4C312A871F4EE7F000555D0E /* FirstView.swift in Sources */,
				4C312ADE1F4F3F2B00555D0E /* BoutonArrondi.swift in Sources */,
				4C47EAF61F5570A800FD60DC /* RouteList.swift in Sources */,
				4C47EAFC1F56DA5A00FD60DC /* UserProfile.swift in Sources */,
				4C312A891F4EE7F800555D0E /* CreateAccount.swift in Sources */,
				4C312ADA1F4F341500555D0E /* SWRevealViewController.m in Sources */,
				C38644A81FA1FB0700EE7BD1 /* BouttonArrondi2.swift in Sources */,
				4C2E970B1FA6312100E31E49 /* PageViewController.swift in Sources */,
				C38644A61FA1CB6600EE7BD1 /* FavoriteRouteTasks.swift in Sources */,
				4C50CD711F6FD27800B7E14E /* DriverView.swift in Sources */,
				4C76FAC41F838DF800A4FFF6 /* myRoutes.swift in Sources */,
				4C057C2B1F87EC49002178E5 /* CalculationForMapDisplay.swift in Sources */,
				4C3EF1731F7E4513001F4F8C /* UserTasks.swift in Sources */,
				4CBC78921F8B847D00C9930F /* SearchTextField.swift in Sources */,
				4C47EAFA1F56B25300FD60DC /* Menu.swift in Sources */,
				4C47EAF81F55743700FD60DC /* CreateYourRoute.swift in Sources */,
				4C3EF1711F7E4050001F4F8C /* MyCustomCell.swift in Sources */,
				4C312A8B1F4EE7FD00555D0E /* Login.swift in Sources */,
				C301201B1FA2161600FCCE5E /* SeeCurrentRoute.swift in Sources */,
				4C312AE71F50404A00555D0E /* SelectedButton.swift in Sources */,
				4CAA29271F8695F200813FA9 /* Route.swift in Sources */,
				4C312A4F1F4EE5B000555D0E /* AppDelegate.swift in Sources */,
				4CAA29251F86944B00813FA9 /* User.swift in Sources */,
			);
			runOnlyForDeploymentPostprocessing = 0;
		};
		4C3F106B1F86507300D10178 /* Sources */ = {
			isa = PBXSourcesBuildPhase;
			buildActionMask = 2147483647;
			files = (
				4C057C291F87DF75002178E5 /* UserTests.swift in Sources */,
				4CB63F271F94F4ED008E8881 /* RouteTests.swift in Sources */,
				4C3F107A1F8650C000D10178 /* HomeTests.swift in Sources */,
				4C3F10721F86507300D10178 /* GALDevTests.swift in Sources */,
				4CA18F301F8829370055E327 /* CalculationForMapDisplayTests.swift in Sources */,
			);
			runOnlyForDeploymentPostprocessing = 0;
		};
/* End PBXSourcesBuildPhase section */

/* Begin PBXTargetDependency section */
		4C3F10751F86507300D10178 /* PBXTargetDependency */ = {
			isa = PBXTargetDependency;
			target = 4C312A4A1F4EE5B000555D0E /* GALDev */;
			targetProxy = 4C3F10741F86507300D10178 /* PBXContainerItemProxy */;
		};
/* End PBXTargetDependency section */

/* Begin PBXVariantGroup section */
		4C312A571F4EE5B000555D0E /* LaunchScreen.storyboard */ = {
			isa = PBXVariantGroup;
			children = (
				4C312A581F4EE5B000555D0E /* Base */,
			);
			name = LaunchScreen.storyboard;
			sourceTree = "<group>";
		};
/* End PBXVariantGroup section */

/* Begin XCBuildConfiguration section */
		4C312A5B1F4EE5B000555D0E /* Debug */ = {
			isa = XCBuildConfiguration;
			buildSettings = {
				ALWAYS_SEARCH_USER_PATHS = NO;
				CLANG_ANALYZER_NONNULL = YES;
				CLANG_ANALYZER_NUMBER_OBJECT_CONVERSION = YES_AGGRESSIVE;
				CLANG_CXX_LANGUAGE_STANDARD = "gnu++0x";
				CLANG_CXX_LIBRARY = "libc++";
				CLANG_ENABLE_MODULES = YES;
				CLANG_ENABLE_OBJC_ARC = YES;
				CLANG_WARN_BLOCK_CAPTURE_AUTORELEASING = YES;
				CLANG_WARN_BOOL_CONVERSION = YES;
				CLANG_WARN_COMMA = YES;
				CLANG_WARN_CONSTANT_CONVERSION = YES;
				CLANG_WARN_DIRECT_OBJC_ISA_USAGE = YES_ERROR;
				CLANG_WARN_DOCUMENTATION_COMMENTS = YES;
				CLANG_WARN_EMPTY_BODY = YES;
				CLANG_WARN_ENUM_CONVERSION = YES;
				CLANG_WARN_INFINITE_RECURSION = YES;
				CLANG_WARN_INT_CONVERSION = YES;
				CLANG_WARN_NON_LITERAL_NULL_CONVERSION = YES;
				CLANG_WARN_OBJC_LITERAL_CONVERSION = YES;
				CLANG_WARN_OBJC_ROOT_CLASS = YES_ERROR;
				CLANG_WARN_RANGE_LOOP_ANALYSIS = YES;
				CLANG_WARN_STRICT_PROTOTYPES = YES;
				CLANG_WARN_SUSPICIOUS_MOVE = YES;
				CLANG_WARN_UNREACHABLE_CODE = YES;
				CLANG_WARN__DUPLICATE_METHOD_MATCH = YES;
				"CODE_SIGN_IDENTITY[sdk=iphoneos*]" = "iPhone Developer";
				COPY_PHASE_STRIP = NO;
				DEBUG_INFORMATION_FORMAT = dwarf;
				ENABLE_STRICT_OBJC_MSGSEND = YES;
				ENABLE_TESTABILITY = YES;
				GCC_C_LANGUAGE_STANDARD = gnu99;
				GCC_DYNAMIC_NO_PIC = NO;
				GCC_NO_COMMON_BLOCKS = YES;
				GCC_OPTIMIZATION_LEVEL = 0;
				GCC_PREPROCESSOR_DEFINITIONS = (
					"DEBUG=1",
					"$(inherited)",
				);
				GCC_WARN_64_TO_32_BIT_CONVERSION = YES;
				GCC_WARN_ABOUT_RETURN_TYPE = YES_ERROR;
				GCC_WARN_UNDECLARED_SELECTOR = YES;
				GCC_WARN_UNINITIALIZED_AUTOS = YES_AGGRESSIVE;
				GCC_WARN_UNUSED_FUNCTION = YES;
				GCC_WARN_UNUSED_VARIABLE = YES;
				IPHONEOS_DEPLOYMENT_TARGET = 11.0;
				MTL_ENABLE_DEBUG_INFO = YES;
				ONLY_ACTIVE_ARCH = YES;
				"OTHER_LDFLAGS[arch=*]" = "-ObjC";
				SDKROOT = iphoneos;
				SWIFT_ACTIVE_COMPILATION_CONDITIONS = DEBUG;
				SWIFT_OPTIMIZATION_LEVEL = "-Onone";
				TARGETED_DEVICE_FAMILY = "1,2";
			};
			name = Debug;
		};
		4C312A5C1F4EE5B000555D0E /* Release */ = {
			isa = XCBuildConfiguration;
			buildSettings = {
				ALWAYS_SEARCH_USER_PATHS = NO;
				CLANG_ANALYZER_NONNULL = YES;
				CLANG_ANALYZER_NUMBER_OBJECT_CONVERSION = YES_AGGRESSIVE;
				CLANG_CXX_LANGUAGE_STANDARD = "gnu++0x";
				CLANG_CXX_LIBRARY = "libc++";
				CLANG_ENABLE_MODULES = YES;
				CLANG_ENABLE_OBJC_ARC = YES;
				CLANG_WARN_BLOCK_CAPTURE_AUTORELEASING = YES;
				CLANG_WARN_BOOL_CONVERSION = YES;
				CLANG_WARN_COMMA = YES;
				CLANG_WARN_CONSTANT_CONVERSION = YES;
				CLANG_WARN_DIRECT_OBJC_ISA_USAGE = YES_ERROR;
				CLANG_WARN_DOCUMENTATION_COMMENTS = YES;
				CLANG_WARN_EMPTY_BODY = YES;
				CLANG_WARN_ENUM_CONVERSION = YES;
				CLANG_WARN_INFINITE_RECURSION = YES;
				CLANG_WARN_INT_CONVERSION = YES;
				CLANG_WARN_NON_LITERAL_NULL_CONVERSION = YES;
				CLANG_WARN_OBJC_LITERAL_CONVERSION = YES;
				CLANG_WARN_OBJC_ROOT_CLASS = YES_ERROR;
				CLANG_WARN_RANGE_LOOP_ANALYSIS = YES;
				CLANG_WARN_STRICT_PROTOTYPES = YES;
				CLANG_WARN_SUSPICIOUS_MOVE = YES;
				CLANG_WARN_UNREACHABLE_CODE = YES;
				CLANG_WARN__DUPLICATE_METHOD_MATCH = YES;
				"CODE_SIGN_IDENTITY[sdk=iphoneos*]" = "iPhone Developer";
				COPY_PHASE_STRIP = NO;
				DEBUG_INFORMATION_FORMAT = "dwarf-with-dsym";
				ENABLE_NS_ASSERTIONS = NO;
				ENABLE_STRICT_OBJC_MSGSEND = YES;
				GCC_C_LANGUAGE_STANDARD = gnu99;
				GCC_NO_COMMON_BLOCKS = YES;
				GCC_WARN_64_TO_32_BIT_CONVERSION = YES;
				GCC_WARN_ABOUT_RETURN_TYPE = YES_ERROR;
				GCC_WARN_UNDECLARED_SELECTOR = YES;
				GCC_WARN_UNINITIALIZED_AUTOS = YES_AGGRESSIVE;
				GCC_WARN_UNUSED_FUNCTION = YES;
				GCC_WARN_UNUSED_VARIABLE = YES;
				IPHONEOS_DEPLOYMENT_TARGET = 11.0;
				MTL_ENABLE_DEBUG_INFO = NO;
				"OTHER_LDFLAGS[arch=*]" = "-ObjC";
				SDKROOT = iphoneos;
				SWIFT_OPTIMIZATION_LEVEL = "-Owholemodule";
				TARGETED_DEVICE_FAMILY = "1,2";
				VALIDATE_PRODUCT = YES;
			};
			name = Release;
		};
		4C312A5E1F4EE5B000555D0E /* Debug */ = {
			isa = XCBuildConfiguration;
			baseConfigurationReference = B4F0FD8CD784B4278919A266 /* Pods-GALDev.debug.xcconfig */;
			buildSettings = {
				ASSETCATALOG_COMPILER_APPICON_NAME = AppIcon;
				CLANG_ENABLE_MODULES = YES;
				DEVELOPMENT_TEAM = 8G4FF9766W;
				FRAMEWORK_SEARCH_PATHS = (
					"$(inherited)",
					"$(PROJECT_DIR)",
				);
				INFOPLIST_FILE = GALDev/Info.plist;
				IPHONEOS_DEPLOYMENT_TARGET = 11.0;
				LD_RUNPATH_SEARCH_PATHS = "$(inherited) @executable_path/Frameworks";
				PRODUCT_BUNDLE_IDENTIFIER = aubergeon.GALDev;
				PRODUCT_NAME = "$(TARGET_NAME)";
				SWIFT_OBJC_BRIDGING_HEADER = "GALDev/GALDev-Bridging-Header.h";
				SWIFT_OPTIMIZATION_LEVEL = "-Onone";
				SWIFT_SWIFT3_OBJC_INFERENCE = On;
				SWIFT_VERSION = 4.0;
				TARGETED_DEVICE_FAMILY = 1;
			};
			name = Debug;
		};
		4C312A5F1F4EE5B000555D0E /* Release */ = {
			isa = XCBuildConfiguration;
			baseConfigurationReference = 1E5F2C1C8684E8B12309EE97 /* Pods-GALDev.release.xcconfig */;
			buildSettings = {
				ASSETCATALOG_COMPILER_APPICON_NAME = AppIcon;
				CLANG_ENABLE_MODULES = YES;
				DEVELOPMENT_TEAM = 8G4FF9766W;
				FRAMEWORK_SEARCH_PATHS = (
					"$(inherited)",
					"$(PROJECT_DIR)",
				);
				INFOPLIST_FILE = GALDev/Info.plist;
				IPHONEOS_DEPLOYMENT_TARGET = 11.0;
				LD_RUNPATH_SEARCH_PATHS = "$(inherited) @executable_path/Frameworks";
				PRODUCT_BUNDLE_IDENTIFIER = aubergeon.GALDev;
				PRODUCT_NAME = "$(TARGET_NAME)";
				SWIFT_OBJC_BRIDGING_HEADER = "GALDev/GALDev-Bridging-Header.h";
				SWIFT_SWIFT3_OBJC_INFERENCE = On;
				SWIFT_VERSION = 4.0;
				TARGETED_DEVICE_FAMILY = 1;
			};
			name = Release;
		};
		4C3F10771F86507300D10178 /* Debug */ = {
			isa = XCBuildConfiguration;
			buildSettings = {
				BUNDLE_LOADER = "$(TEST_HOST)";
				CLANG_CXX_LANGUAGE_STANDARD = "gnu++14";
				CLANG_WARN_BLOCK_CAPTURE_AUTORELEASING = YES;
				CLANG_WARN_COMMA = YES;
				CLANG_WARN_NON_LITERAL_NULL_CONVERSION = YES;
				CLANG_WARN_OBJC_LITERAL_CONVERSION = YES;
				CLANG_WARN_RANGE_LOOP_ANALYSIS = YES;
				CLANG_WARN_STRICT_PROTOTYPES = YES;
				CLANG_WARN_UNGUARDED_AVAILABILITY = YES_AGGRESSIVE;
				CODE_SIGN_IDENTITY = "iPhone Developer";
				CODE_SIGN_STYLE = Automatic;
				DEVELOPMENT_TEAM = 8G4FF9766W;
				GCC_C_LANGUAGE_STANDARD = gnu11;
				INFOPLIST_FILE = GALDevTests/Info.plist;
				IPHONEOS_DEPLOYMENT_TARGET = 11.0;
				LD_RUNPATH_SEARCH_PATHS = "$(inherited) @executable_path/Frameworks @loader_path/Frameworks";
				PRODUCT_BUNDLE_IDENTIFIER = aubergeon.GALDevTests;
				PRODUCT_NAME = "$(TARGET_NAME)";
				SWIFT_VERSION = 4.0;
				TARGETED_DEVICE_FAMILY = "1,2";
				TEST_HOST = "$(BUILT_PRODUCTS_DIR)/GALDev.app/GALDev";
			};
			name = Debug;
		};
		4C3F10781F86507300D10178 /* Release */ = {
			isa = XCBuildConfiguration;
			buildSettings = {
				BUNDLE_LOADER = "$(TEST_HOST)";
				CLANG_CXX_LANGUAGE_STANDARD = "gnu++14";
				CLANG_WARN_BLOCK_CAPTURE_AUTORELEASING = YES;
				CLANG_WARN_COMMA = YES;
				CLANG_WARN_NON_LITERAL_NULL_CONVERSION = YES;
				CLANG_WARN_OBJC_LITERAL_CONVERSION = YES;
				CLANG_WARN_RANGE_LOOP_ANALYSIS = YES;
				CLANG_WARN_STRICT_PROTOTYPES = YES;
				CLANG_WARN_UNGUARDED_AVAILABILITY = YES_AGGRESSIVE;
				CODE_SIGN_IDENTITY = "iPhone Developer";
				CODE_SIGN_STYLE = Automatic;
				DEVELOPMENT_TEAM = 8G4FF9766W;
				GCC_C_LANGUAGE_STANDARD = gnu11;
				INFOPLIST_FILE = GALDevTests/Info.plist;
				IPHONEOS_DEPLOYMENT_TARGET = 11.0;
				LD_RUNPATH_SEARCH_PATHS = "$(inherited) @executable_path/Frameworks @loader_path/Frameworks";
				PRODUCT_BUNDLE_IDENTIFIER = aubergeon.GALDevTests;
				PRODUCT_NAME = "$(TARGET_NAME)";
				SWIFT_VERSION = 4.0;
				TARGETED_DEVICE_FAMILY = "1,2";
				TEST_HOST = "$(BUILT_PRODUCTS_DIR)/GALDev.app/GALDev";
			};
			name = Release;
		};
/* End XCBuildConfiguration section */

/* Begin XCConfigurationList section */
		4C312A461F4EE5B000555D0E /* Build configuration list for PBXProject "GALDev" */ = {
			isa = XCConfigurationList;
			buildConfigurations = (
				4C312A5B1F4EE5B000555D0E /* Debug */,
				4C312A5C1F4EE5B000555D0E /* Release */,
			);
			defaultConfigurationIsVisible = 0;
			defaultConfigurationName = Release;
		};
		4C312A5D1F4EE5B000555D0E /* Build configuration list for PBXNativeTarget "GALDev" */ = {
			isa = XCConfigurationList;
			buildConfigurations = (
				4C312A5E1F4EE5B000555D0E /* Debug */,
				4C312A5F1F4EE5B000555D0E /* Release */,
			);
			defaultConfigurationIsVisible = 0;
			defaultConfigurationName = Release;
		};
		4C3F10761F86507300D10178 /* Build configuration list for PBXNativeTarget "GALDevTests" */ = {
			isa = XCConfigurationList;
			buildConfigurations = (
				4C3F10771F86507300D10178 /* Debug */,
				4C3F10781F86507300D10178 /* Release */,
			);
			defaultConfigurationIsVisible = 0;
			defaultConfigurationName = Release;
		};
/* End XCConfigurationList section */
	};
	rootObject = 4C312A431F4EE5B000555D0E /* Project object */;
}
